
Microsoft Visual Studio Solution File, Format Version 12.00
# Visual Studio Version 16
VisualStudioVersion = 16.0.32407.337
MinimumVisualStudioVersion = 10.0.40219.1
Project("{F184B08F-C81C-45F6-A57F-5ABD9991F28F}") = "Homework1", "Homework1.vbproj", "{A1507956-C807-4A86-9227-74943BFBC6E7}"
EndProject
Global
	GlobalSection(SolutionConfigurationPlatforms) = preSolution
		Debug|Any CPU = Debug|Any CPU
		Release|Any CPU = Release|Any CPU
	EndGlobalSection
	GlobalSection(ProjectConfigurationPlatforms) = postSolution
		{A1507956-C807-4A86-9227-74943BFBC6E7}.Debug|Any CPU.ActiveCfg = Debug|Any CPU
		{A1507956-C807-4A86-9227-74943BFBC6E7}.Debug|Any CPU.Build.0 = Debug|Any CPU
		{A1507956-C807-4A86-9227-74943BFBC6E7}.Release|Any CPU.ActiveCfg = Release|Any CPU
		{A1507956-C807-4A86-9227-74943BFBC6E7}.Release|Any CPU.Build.0 = Release|Any CPU
	EndGlobalSection
	GlobalSection(SolutionProperties) = preSolution
		HideSolutionNode = FALSE
	EndGlobalSection
	GlobalSection(ExtensibilityGlobals) = postSolution
		SolutionGuid = {4A8B1E2F-B9A5-40DA-BF5B-6647C992280D}
	EndGlobalSection
EndGlobal
